
Microsoft Visual Studio Solution File, Format Version 12.00
# Visual Studio Version 17
VisualStudioVersion = 17.2.32505.173
MinimumVisualStudioVersion = 10.0.40219.1
Project("{FAE04EC0-301F-11D3-BF4B-00C04F79EFBC}") = "MVC-EF-SQL-Azure", "MVC-EF-SQL-Azure\MVC-EF-SQL-Azure.csproj", "{DC211500-5BD3-477C-A0D6-9F78509B862F}"
EndProject
Global
	GlobalSection(SolutionConfigurationPlatforms) = preSolution
		Debug|Any CPU = Debug|Any CPU
		Release|Any CPU = Release|Any CPU
	EndGlobalSection
	GlobalSection(ProjectConfigurationPlatforms) = postSolution
		{DC211500-5BD3-477C-A0D6-9F78509B862F}.Debug|Any CPU.ActiveCfg = Debug|Any CPU
		{DC211500-5BD3-477C-A0D6-9F78509B862F}.Debug|Any CPU.Build.0 = Debug|Any CPU
		{DC211500-5BD3-477C-A0D6-9F78509B862F}.Release|Any CPU.ActiveCfg = Release|Any CPU
		{DC211500-5BD3-477C-A0D6-9F78509B862F}.Release|Any CPU.Build.0 = Release|Any CPU
	EndGlobalSection
	GlobalSection(SolutionProperties) = preSolution
		HideSolutionNode = FALSE
	EndGlobalSection
	GlobalSection(ExtensibilityGlobals) = postSolution
		SolutionGuid = {F2136959-9074-414B-82FB-064ACD53F75F}
	EndGlobalSection
EndGlobal
